
Microsoft Visual Studio Solution File, Format Version 12.00
# Visual Studio Version 16
VisualStudioVersion = 16.0.29728.190
MinimumVisualStudioVersion = 10.0.40219.1
Project("{9A19103F-16F7-4668-BE54-9A1E7A4F7556}") = "TestDLL", "TestDLL.csproj", "{07CBED8E-7A06-4D04-A47F-89C212B4F995}"
EndProject
Project("{9A19103F-16F7-4668-BE54-9A1E7A4F7556}") = "AddDLL", "..\AddDLL\AddDLL.csproj", "{6F754307-C862-4E4F-B503-3236BE7CD038}"
EndProject
Project("{FAE04EC0-301F-11D3-BF4B-00C04F79EFBC}") = "SolvingEquations", "..\SolvingEquations\SolvingEquations.csproj", "{67EE1A95-2A7A-4C1F-868B-EEB658A8DD81}"
EndProject
Global
	GlobalSection(SolutionConfigurationPlatforms) = preSolution
		Debug|Any CPU = Debug|Any CPU
		Release|Any CPU = Release|Any CPU
	EndGlobalSection
	GlobalSection(ProjectConfigurationPlatforms) = postSolution
		{07CBED8E-7A06-4D04-A47F-89C212B4F995}.Debug|Any CPU.ActiveCfg = Debug|Any CPU
		{07CBED8E-7A06-4D04-A47F-89C212B4F995}.Debug|Any CPU.Build.0 = Debug|Any CPU
		{07CBED8E-7A06-4D04-A47F-89C212B4F995}.Release|Any CPU.ActiveCfg = Release|Any CPU
		{07CBED8E-7A06-4D04-A47F-89C212B4F995}.Release|Any CPU.Build.0 = Release|Any CPU
		{6F754307-C862-4E4F-B503-3236BE7CD038}.Debug|Any CPU.ActiveCfg = Debug|Any CPU
		{6F754307-C862-4E4F-B503-3236BE7CD038}.Debug|Any CPU.Build.0 = Debug|Any CPU
		{6F754307-C862-4E4F-B503-3236BE7CD038}.Release|Any CPU.ActiveCfg = Release|Any CPU
		{6F754307-C862-4E4F-B503-3236BE7CD038}.Release|Any CPU.Build.0 = Release|Any CPU
		{67EE1A95-2A7A-4C1F-868B-EEB658A8DD81}.Debug|Any CPU.ActiveCfg = Debug|Any CPU
		{67EE1A95-2A7A-4C1F-868B-EEB658A8DD81}.Debug|Any CPU.Build.0 = Debug|Any CPU
		{67EE1A95-2A7A-4C1F-868B-EEB658A8DD81}.Release|Any CPU.ActiveCfg = Release|Any CPU
		{67EE1A95-2A7A-4C1F-868B-EEB658A8DD81}.Release|Any CPU.Build.0 = Release|Any CPU
	EndGlobalSection
	GlobalSection(SolutionProperties) = preSolution
		HideSolutionNode = FALSE
	EndGlobalSection
	GlobalSection(ExtensibilityGlobals) = postSolution
		SolutionGuid = {D3249A07-7668-42ED-A021-733656C2ADE0}
	EndGlobalSection
EndGlobal
